
Microsoft Visual Studio Solution File, Format Version 12.00
# Visual Studio Version 16
VisualStudioVersion = 16.0.30114.105
MinimumVisualStudioVersion = 10.0.40219.1
Project("{9A19103F-16F7-4668-BE54-9A1E7A4F7556}") = "M1_Introduction", "M1_Introduction\M1_Introduction.csproj", "{AA3597B8-5B23-4AB3-8AE9-47AE7CA04BC9}"
EndProject
Project("{2150E333-8FDC-42A3-9474-1A3956D46DE8}") = "M5_Methods", "M5_Methods", "{754484AC-50A9-4EAD-A289-2B0E94779806}"
EndProject
Project("{9A19103F-16F7-4668-BE54-9A1E7A4F7556}") = "M5_1_Split_Strings", "M5_1_Split_Strings\M5_1_Split_Strings.csproj", "{F5FD82AF-3458-4B0D-8716-47941EE4C103}"
EndProject
Project("{9A19103F-16F7-4668-BE54-9A1E7A4F7556}") = "M5_2_Swap_Words", "M5_2_Swap_Words\M5_2_Swap_Words.csproj", "{6310A8B5-A781-40A8-A538-8303597BCC62}"
EndProject
Project("{9A19103F-16F7-4668-BE54-9A1E7A4F7556}") = "M3_1_Odd_Even", "M3_Cycles\M3_1_Odd_Even.csproj", "{674290E8-E9CC-4A02-A78E-F9D305704CD4}"
EndProject
Project("{9A19103F-16F7-4668-BE54-9A1E7A4F7556}") = "M3_2_Sum_Cards", "M3_2_Sum_Cards\M3_2_Sum_Cards.csproj", "{3BACF46D-B384-431D-B56C-D1689B90B297}"
EndProject
Project("{9A19103F-16F7-4668-BE54-9A1E7A4F7556}") = "M3_3_Prime_Number", "M3_3_Prime_Number\M3_3_Prime_Number.csproj", "{7AF9BF9D-76EC-45EB-B639-19CA97388A26}"
EndProject
Project("{9A19103F-16F7-4668-BE54-9A1E7A4F7556}") = "M2_Basic_Features", "M2_1_Create_Variables\M2_Basic_Features.csproj", "{8CCB8F7D-005A-4A37-981E-E094C0708982}"
EndProject
Project("{9A19103F-16F7-4668-BE54-9A1E7A4F7556}") = "M4_1_Random_Matrix", "M4_1_Random_Matrix\M4_1_Random_Matrix.csproj", "{EF30EA58-0D46-4257-BDAF-5EEB3784DE5F}"
EndProject
Project("{9A19103F-16F7-4668-BE54-9A1E7A4F7556}") = "M4_2_Min_Element", "M4_2_Min_Element\M4_2_Min_Element.csproj", "{2094E33C-1427-4D38-B854-957DB8BAE7F0}"
EndProject
Project("{9A19103F-16F7-4668-BE54-9A1E7A4F7556}") = "M4_3_Guess_The_Number", "M4_3_Guess_The_Number\M4_3_Guess_The_Number.csproj", "{B123DA0C-CE20-4CE9-B184-07F2E2823A3A}"
EndProject
Project("{2150E333-8FDC-42A3-9474-1A3956D46DE8}") = "M1_Intro", "M1_Intro", "{9F9F960B-C31D-4F9B-8067-1270B70CEE1D}"
EndProject
Project("{2150E333-8FDC-42A3-9474-1A3956D46DE8}") = "M2_Base_Features", "M2_Base_Features", "{E02B410A-3AEE-457B-A5F5-CB937901F14A}"
EndProject
Project("{2150E333-8FDC-42A3-9474-1A3956D46DE8}") = "M3_Cycles", "M3_Cycles", "{101E32F3-07F5-4E07-B3BA-0068D8209E5F}"
EndProject
Project("{2150E333-8FDC-42A3-9474-1A3956D46DE8}") = "M4_Matrix", "M4_Matrix", "{F22E8FBA-9DC1-45CE-998C-628610F13910}"
EndProject
Project("{2150E333-8FDC-42A3-9474-1A3956D46DE8}") = "M6_Files", "M6_Files", "{88400F1C-0C02-4345-8249-30278FDAA39A}"
EndProject
Project("{9A19103F-16F7-4668-BE54-9A1E7A4F7556}") = "M6_Work_With_File", "M6_Work_With_File\M6_Work_With_File.csproj", "{3AB6959C-7AED-4F04-90DD-2E8B4EF4A856}"
EndProject
Project("{2150E333-8FDC-42A3-9474-1A3956D46DE8}") = "M7_OOP", "M7_OOP", "{8E69B6CC-DD74-4BAC-8023-200B98262C66}"
EndProject
Project("{9A19103F-16F7-4668-BE54-9A1E7A4F7556}") = "M7_OOP", "M7_OOP\M7_OOP.csproj", "{E719C292-FB10-44B3-A234-2EFE86065AF3}"
EndProject
Project("{2150E333-8FDC-42A3-9474-1A3956D46DE8}") = "M8_Collections", "M8_Collections", "{8FE3A2C0-D4E6-432F-AC4B-692A19EA7A6A}"
EndProject
Project("{FAE04EC0-301F-11D3-BF4B-00C04F79EFBC}") = "M8_1_List", "M8_1_List\M8_1_List.csproj", "{2E5B0242-65FE-4C12-8EC4-48107A627D89}"
EndProject
Project("{FAE04EC0-301F-11D3-BF4B-00C04F79EFBC}") = "M8_2_Phone_Book", "M8_2_Phone_Book\M8_2_Phone_Book.csproj", "{66AE08A6-C873-4B2D-8E4E-7CD733A43829}"
EndProject
Project("{FAE04EC0-301F-11D3-BF4B-00C04F79EFBC}") = "M8_3_Check_Dublicate", "M8_3_Check_Dublicate\M8_3_Check_Dublicate.csproj", "{51098A5E-C9B8-4AD3-BA75-90E00D9C5E66}"
EndProject
Project("{FAE04EC0-301F-11D3-BF4B-00C04F79EFBC}") = "M8_4_Notebook", "M8_4_Notebook\M8_4_Notebook.csproj", "{E84C205C-EB43-413C-85B5-9DDBE23EE8A8}"
EndProject
Global
	GlobalSection(SolutionConfigurationPlatforms) = preSolution
		Debug|Any CPU = Debug|Any CPU
		Release|Any CPU = Release|Any CPU
	EndGlobalSection
	GlobalSection(ProjectConfigurationPlatforms) = postSolution
		{AA3597B8-5B23-4AB3-8AE9-47AE7CA04BC9}.Debug|Any CPU.ActiveCfg = Debug|Any CPU
		{AA3597B8-5B23-4AB3-8AE9-47AE7CA04BC9}.Debug|Any CPU.Build.0 = Debug|Any CPU
		{AA3597B8-5B23-4AB3-8AE9-47AE7CA04BC9}.Release|Any CPU.ActiveCfg = Release|Any CPU
		{AA3597B8-5B23-4AB3-8AE9-47AE7CA04BC9}.Release|Any CPU.Build.0 = Release|Any CPU
		{F5FD82AF-3458-4B0D-8716-47941EE4C103}.Debug|Any CPU.ActiveCfg = Debug|Any CPU
		{F5FD82AF-3458-4B0D-8716-47941EE4C103}.Debug|Any CPU.Build.0 = Debug|Any CPU
		{F5FD82AF-3458-4B0D-8716-47941EE4C103}.Release|Any CPU.ActiveCfg = Release|Any CPU
		{F5FD82AF-3458-4B0D-8716-47941EE4C103}.Release|Any CPU.Build.0 = Release|Any CPU
		{6310A8B5-A781-40A8-A538-8303597BCC62}.Debug|Any CPU.ActiveCfg = Debug|Any CPU
		{6310A8B5-A781-40A8-A538-8303597BCC62}.Debug|Any CPU.Build.0 = Debug|Any CPU
		{6310A8B5-A781-40A8-A538-8303597BCC62}.Release|Any CPU.ActiveCfg = Release|Any CPU
		{6310A8B5-A781-40A8-A538-8303597BCC62}.Release|Any CPU.Build.0 = Release|Any CPU
		{674290E8-E9CC-4A02-A78E-F9D305704CD4}.Debug|Any CPU.ActiveCfg = Debug|Any CPU
		{674290E8-E9CC-4A02-A78E-F9D305704CD4}.Debug|Any CPU.Build.0 = Debug|Any CPU
		{674290E8-E9CC-4A02-A78E-F9D305704CD4}.Release|Any CPU.ActiveCfg = Release|Any CPU
		{674290E8-E9CC-4A02-A78E-F9D305704CD4}.Release|Any CPU.Build.0 = Release|Any CPU
		{3BACF46D-B384-431D-B56C-D1689B90B297}.Debug|Any CPU.ActiveCfg = Debug|Any CPU
		{3BACF46D-B384-431D-B56C-D1689B90B297}.Debug|Any CPU.Build.0 = Debug|Any CPU
		{3BACF46D-B384-431D-B56C-D1689B90B297}.Release|Any CPU.ActiveCfg = Release|Any CPU
		{3BACF46D-B384-431D-B56C-D1689B90B297}.Release|Any CPU.Build.0 = Release|Any CPU
		{7AF9BF9D-76EC-45EB-B639-19CA97388A26}.Debug|Any CPU.ActiveCfg = Debug|Any CPU
		{7AF9BF9D-76EC-45EB-B639-19CA97388A26}.Debug|Any CPU.Build.0 = Debug|Any CPU
		{7AF9BF9D-76EC-45EB-B639-19CA97388A26}.Release|Any CPU.ActiveCfg = Release|Any CPU
		{7AF9BF9D-76EC-45EB-B639-19CA97388A26}.Release|Any CPU.Build.0 = Release|Any CPU
		{8CCB8F7D-005A-4A37-981E-E094C0708982}.Debug|Any CPU.ActiveCfg = Debug|Any CPU
		{8CCB8F7D-005A-4A37-981E-E094C0708982}.Debug|Any CPU.Build.0 = Debug|Any CPU
		{8CCB8F7D-005A-4A37-981E-E094C0708982}.Release|Any CPU.ActiveCfg = Release|Any CPU
		{8CCB8F7D-005A-4A37-981E-E094C0708982}.Release|Any CPU.Build.0 = Release|Any CPU
		{EF30EA58-0D46-4257-BDAF-5EEB3784DE5F}.Debug|Any CPU.ActiveCfg = Debug|Any CPU
		{EF30EA58-0D46-4257-BDAF-5EEB3784DE5F}.Debug|Any CPU.Build.0 = Debug|Any CPU
		{EF30EA58-0D46-4257-BDAF-5EEB3784DE5F}.Release|Any CPU.ActiveCfg = Release|Any CPU
		{EF30EA58-0D46-4257-BDAF-5EEB3784DE5F}.Release|Any CPU.Build.0 = Release|Any CPU
		{2094E33C-1427-4D38-B854-957DB8BAE7F0}.Debug|Any CPU.ActiveCfg = Debug|Any CPU
		{2094E33C-1427-4D38-B854-957DB8BAE7F0}.Debug|Any CPU.Build.0 = Debug|Any CPU
		{2094E33C-1427-4D38-B854-957DB8BAE7F0}.Release|Any CPU.ActiveCfg = Release|Any CPU
		{2094E33C-1427-4D38-B854-957DB8BAE7F0}.Release|Any CPU.Build.0 = Release|Any CPU
		{B123DA0C-CE20-4CE9-B184-07F2E2823A3A}.Debug|Any CPU.ActiveCfg = Debug|Any CPU
		{B123DA0C-CE20-4CE9-B184-07F2E2823A3A}.Debug|Any CPU.Build.0 = Debug|Any CPU
		{B123DA0C-CE20-4CE9-B184-07F2E2823A3A}.Release|Any CPU.ActiveCfg = Release|Any CPU
		{B123DA0C-CE20-4CE9-B184-07F2E2823A3A}.Release|Any CPU.Build.0 = Release|Any CPU
		{3AB6959C-7AED-4F04-90DD-2E8B4EF4A856}.Debug|Any CPU.ActiveCfg = Debug|Any CPU
		{3AB6959C-7AED-4F04-90DD-2E8B4EF4A856}.Debug|Any CPU.Build.0 = Debug|Any CPU
		{3AB6959C-7AED-4F04-90DD-2E8B4EF4A856}.Release|Any CPU.ActiveCfg = Release|Any CPU
		{3AB6959C-7AED-4F04-90DD-2E8B4EF4A856}.Release|Any CPU.Build.0 = Release|Any CPU
		{E719C292-FB10-44B3-A234-2EFE86065AF3}.Debug|Any CPU.ActiveCfg = Debug|Any CPU
		{E719C292-FB10-44B3-A234-2EFE86065AF3}.Debug|Any CPU.Build.0 = Debug|Any CPU
		{E719C292-FB10-44B3-A234-2EFE86065AF3}.Release|Any CPU.ActiveCfg = Release|Any CPU
		{E719C292-FB10-44B3-A234-2EFE86065AF3}.Release|Any CPU.Build.0 = Release|Any CPU
		{2E5B0242-65FE-4C12-8EC4-48107A627D89}.Debug|Any CPU.ActiveCfg = Debug|Any CPU
		{2E5B0242-65FE-4C12-8EC4-48107A627D89}.Debug|Any CPU.Build.0 = Debug|Any CPU
		{2E5B0242-65FE-4C12-8EC4-48107A627D89}.Release|Any CPU.ActiveCfg = Release|Any CPU
		{2E5B0242-65FE-4C12-8EC4-48107A627D89}.Release|Any CPU.Build.0 = Release|Any CPU
		{66AE08A6-C873-4B2D-8E4E-7CD733A43829}.Debug|Any CPU.ActiveCfg = Debug|Any CPU
		{66AE08A6-C873-4B2D-8E4E-7CD733A43829}.Debug|Any CPU.Build.0 = Debug|Any CPU
		{66AE08A6-C873-4B2D-8E4E-7CD733A43829}.Release|Any CPU.ActiveCfg = Release|Any CPU
		{66AE08A6-C873-4B2D-8E4E-7CD733A43829}.Release|Any CPU.Build.0 = Release|Any CPU
		{51098A5E-C9B8-4AD3-BA75-90E00D9C5E66}.Debug|Any CPU.ActiveCfg = Debug|Any CPU
		{51098A5E-C9B8-4AD3-BA75-90E00D9C5E66}.Debug|Any CPU.Build.0 = Debug|Any CPU
		{51098A5E-C9B8-4AD3-BA75-90E00D9C5E66}.Release|Any CPU.ActiveCfg = Release|Any CPU
		{51098A5E-C9B8-4AD3-BA75-90E00D9C5E66}.Release|Any CPU.Build.0 = Release|Any CPU
		{E84C205C-EB43-413C-85B5-9DDBE23EE8A8}.Debug|Any CPU.ActiveCfg = Debug|Any CPU
		{E84C205C-EB43-413C-85B5-9DDBE23EE8A8}.Debug|Any CPU.Build.0 = Debug|Any CPU
		{E84C205C-EB43-413C-85B5-9DDBE23EE8A8}.Release|Any CPU.ActiveCfg = Release|Any CPU
		{E84C205C-EB43-413C-85B5-9DDBE23EE8A8}.Release|Any CPU.Build.0 = Release|Any CPU
	EndGlobalSection
	GlobalSection(SolutionProperties) = preSolution
		HideSolutionNode = FALSE
	EndGlobalSection
	GlobalSection(NestedProjects) = preSolution
		{AA3597B8-5B23-4AB3-8AE9-47AE7CA04BC9} = {9F9F960B-C31D-4F9B-8067-1270B70CEE1D}
		{F5FD82AF-3458-4B0D-8716-47941EE4C103} = {754484AC-50A9-4EAD-A289-2B0E94779806}
		{6310A8B5-A781-40A8-A538-8303597BCC62} = {754484AC-50A9-4EAD-A289-2B0E94779806}
		{674290E8-E9CC-4A02-A78E-F9D305704CD4} = {101E32F3-07F5-4E07-B3BA-0068D8209E5F}
		{3BACF46D-B384-431D-B56C-D1689B90B297} = {101E32F3-07F5-4E07-B3BA-0068D8209E5F}
		{7AF9BF9D-76EC-45EB-B639-19CA97388A26} = {101E32F3-07F5-4E07-B3BA-0068D8209E5F}
		{8CCB8F7D-005A-4A37-981E-E094C0708982} = {E02B410A-3AEE-457B-A5F5-CB937901F14A}
		{EF30EA58-0D46-4257-BDAF-5EEB3784DE5F} = {F22E8FBA-9DC1-45CE-998C-628610F13910}
		{2094E33C-1427-4D38-B854-957DB8BAE7F0} = {F22E8FBA-9DC1-45CE-998C-628610F13910}
		{B123DA0C-CE20-4CE9-B184-07F2E2823A3A} = {F22E8FBA-9DC1-45CE-998C-628610F13910}
		{3AB6959C-7AED-4F04-90DD-2E8B4EF4A856} = {88400F1C-0C02-4345-8249-30278FDAA39A}
		{E719C292-FB10-44B3-A234-2EFE86065AF3} = {8E69B6CC-DD74-4BAC-8023-200B98262C66}
		{2E5B0242-65FE-4C12-8EC4-48107A627D89} = {8FE3A2C0-D4E6-432F-AC4B-692A19EA7A6A}
		{66AE08A6-C873-4B2D-8E4E-7CD733A43829} = {8FE3A2C0-D4E6-432F-AC4B-692A19EA7A6A}
		{51098A5E-C9B8-4AD3-BA75-90E00D9C5E66} = {8FE3A2C0-D4E6-432F-AC4B-692A19EA7A6A}
		{E84C205C-EB43-413C-85B5-9DDBE23EE8A8} = {8FE3A2C0-D4E6-432F-AC4B-692A19EA7A6A}
	EndGlobalSection
	GlobalSection(ExtensibilityGlobals) = postSolution
		SolutionGuid = {71D168C6-4F3C-46C2-9D99-CB082B7CD3A1}
	EndGlobalSection
EndGlobal
